github.com/BurntSushi/toml v0.3.1 h1:WXkYYl6Yr3qBf1K79EBnL4mak0OimBfB0XUf9Vl28OQ=
github.com/BurntSushi/toml v0.3.1/go.mod h1:xHWCNGjB5oqiDr8zfno3MHue2Ht5sIBksp03qcyfWMU=
gopkg.in/gomail.v2 v2.0.0-20160411212932-81ebce5c23df h1:n7WqCuqOuCbNr617RXOY0AWRXxgwEyPp2z+p0+hgMuE=
gopkg.in/gomail.v2 v2.0.0-20160411212932-81ebce5c23df/go.mod h1:LRQQ+SO6ZHR7tOkpBDuZnXENFzX8qRjMDMyPD6BRkCw=
